
Microsoft Visual Studio Solution File, Format Version 12.00
# Visual Studio Version 16
VisualStudioVersion = 16.0.31729.503
MinimumVisualStudioVersion = 10.0.40219.1
Project("{FAE04EC0-301F-11D3-BF4B-00C04F79EFBC}") = "hacam308", "hacam308\hacam308.csproj", "{62F80649-20DA-46B3-B6DC-2DF9FE9E01EB}"
EndProject
Global
	GlobalSection(SolutionConfigurationPlatforms) = preSolution
		Debug|Any CPU = Debug|Any CPU
		Release|Any CPU = Release|Any CPU
	EndGlobalSection
	GlobalSection(ProjectConfigurationPlatforms) = postSolution
		{62F80649-20DA-46B3-B6DC-2DF9FE9E01EB}.Debug|Any CPU.ActiveCfg = Debug|Any CPU
		{62F80649-20DA-46B3-B6DC-2DF9FE9E01EB}.Debug|Any CPU.Build.0 = Debug|Any CPU
		{62F80649-20DA-46B3-B6DC-2DF9FE9E01EB}.Release|Any CPU.ActiveCfg = Release|Any CPU
		{62F80649-20DA-46B3-B6DC-2DF9FE9E01EB}.Release|Any CPU.Build.0 = Release|Any CPU
	EndGlobalSection
	GlobalSection(SolutionProperties) = preSolution
		HideSolutionNode = FALSE
	EndGlobalSection
	GlobalSection(ExtensibilityGlobals) = postSolution
		SolutionGuid = {FBED2384-3F07-4D5C-8838-E51DD2C8E1FF}
	EndGlobalSection
EndGlobal
